// !$*UTF8*$!
{
	archiveVersion = 1;
	classes = {
	};
	objectVersion = 46;
	objects = {

/* Begin PBXBuildFile section */
		16B7D0531D1D80E200CF4BC0 /* AppDelegate.swift in Sources */ = {isa = PBXBuildFile; fileRef = 16B7D0521D1D80E200CF4BC0 /* AppDelegate.swift */; };
		16B7D0551D1D80E200CF4BC0 /* ViewController.swift in Sources */ = {isa = PBXBuildFile; fileRef = 16B7D0541D1D80E200CF4BC0 /* ViewController.swift */; };
		16B7D0581D1D80E200CF4BC0 /* Main.storyboard in Resources */ = {isa = PBXBuildFile; fileRef = 16B7D0561D1D80E200CF4BC0 /* Main.storyboard */; };
		16B7D05A1D1D80E200CF4BC0 /* Assets.xcassets in Resources */ = {isa = PBXBuildFile; fileRef = 16B7D0591D1D80E200CF4BC0 /* Assets.xcassets */; };
		16B7D05D1D1D80E200CF4BC0 /* LaunchScreen.storyboard in Resources */ = {isa = PBXBuildFile; fileRef = 16B7D05B1D1D80E200CF4BC0 /* LaunchScreen.storyboard */; };
		16B7D06E1D1FA71D00CF4BC0 /* HZClollectionLayout.swift in Sources */ = {isa = PBXBuildFile; fileRef = 16B7D06B1D1FA71D00CF4BC0 /* HZClollectionLayout.swift */; };
		16B7D06F1D1FA71D00CF4BC0 /* HZWaterFallCollectionLayout.swift in Sources */ = {isa = PBXBuildFile; fileRef = 16B7D06C1D1FA71D00CF4BC0 /* HZWaterFallCollectionLayout.swift */; };
		16B7D0701D1FA71D00CF4BC0 /* HZWaterFallHorizontalLayout.swift in Sources */ = {isa = PBXBuildFile; fileRef = 16B7D06D1D1FA71D00CF4BC0 /* HZWaterFallHorizontalLayout.swift */; };
		16B7D1491D20403E00CF4BC0 /* JxbNextRefreshFooter.swift in Sources */ = {isa = PBXBuildFile; fileRef = 16B7D1421D20403E00CF4BC0 /* JxbNextRefreshFooter.swift */; };
		16B7D14A1D20403E00CF4BC0 /* JxbRefresh.bundle in Resources */ = {isa = PBXBuildFile; fileRef = 16B7D1431D20403E00CF4BC0 /* JxbRefresh.bundle */; };
		16B7D14B1D20403E00CF4BC0 /* JxbRefreshBaseHeader.swift in Sources */ = {isa = PBXBuildFile; fileRef = 16B7D1441D20403E00CF4BC0 /* JxbRefreshBaseHeader.swift */; };
		16B7D14C1D20403E00CF4BC0 /* JxbRefreshGifHeader.swift in Sources */ = {isa = PBXBuildFile; fileRef = 16B7D1451D20403E00CF4BC0 /* JxbRefreshGifHeader.swift */; };
		16B7D14D1D20403E00CF4BC0 /* JxbRefreshHeader.swift in Sources */ = {isa = PBXBuildFile; fileRef = 16B7D1461D20403E00CF4BC0 /* JxbRefreshHeader.swift */; };
		16B7D14E1D20403E00CF4BC0 /* JxbRefreshState.swift in Sources */ = {isa = PBXBuildFile; fileRef = 16B7D1471D20403E00CF4BC0 /* JxbRefreshState.swift */; };
		16B7D14F1D20403E00CF4BC0 /* UIScrollView+JxbRefresh.swift in Sources */ = {isa = PBXBuildFile; fileRef = 16B7D1481D20403E00CF4BC0 /* UIScrollView+JxbRefresh.swift */; };
/* End PBXBuildFile section */

/* Begin PBXFileReference section */
		16B7D04F1D1D80E200CF4BC0 /* HZFlowCollectionlayout.app */ = {isa = PBXFileReference; explicitFileType = wrapper.application; includeInIndex = 0; path = HZFlowCollectionlayout.app; sourceTree = BUILT_PRODUCTS_DIR; };
		16B7D0521D1D80E200CF4BC0 /* AppDelegate.swift */ = {isa = PBXFileReference; lastKnownFileType = sourcecode.swift; path = AppDelegate.swift; sourceTree = "<group>"; };
		16B7D0541D1D80E200CF4BC0 /* ViewController.swift */ = {isa = PBXFileReference; lastKnownFileType = sourcecode.swift; path = ViewController.swift; sourceTree = "<group>"; };
		16B7D0571D1D80E200CF4BC0 /* Base */ = {isa = PBXFileReference; lastKnownFileType = file.storyboard; name = Base; path = Base.lproj/Main.storyboard; sourceTree = "<group>"; };
		16B7D0591D1D80E200CF4BC0 /* Assets.xcassets */ = {isa = PBXFileReference; lastKnownFileType = folder.assetcatalog; path = Assets.xcassets; sourceTree = "<group>"; };
		16B7D05C1D1D80E200CF4BC0 /* Base */ = {isa = PBXFileReference; lastKnownFileType = file.storyboard; name = Base; path = Base.lproj/LaunchScreen.storyboard; sourceTree = "<group>"; };
		16B7D05E1D1D80E200CF4BC0 /* Info.plist */ = {isa = PBXFileReference; lastKnownFileType = text.plist.xml; path = Info.plist; sourceTree = "<group>"; };
		16B7D06B1D1FA71D00CF4BC0 /* HZClollectionLayout.swift */ = {isa = PBXFileReference; fileEncoding = 4; lastKnownFileType = sourcecode.swift; name = HZClollectionLayout.swift; path = HZCollectionLayout/HZClollectionLayout.swift; sourceTree = "<group>"; };
		16B7D06C1D1FA71D00CF4BC0 /* HZWaterFallCollectionLayout.swift */ = {isa = PBXFileReference; fileEncoding = 4; lastKnownFileType = sourcecode.swift; name = HZWaterFallCollectionLayout.swift; path = HZCollectionLayout/HZWaterFallCollectionLayout.swift; sourceTree = "<group>"; };
		16B7D06D1D1FA71D00CF4BC0 /* HZWaterFallHorizontalLayout.swift */ = {isa = PBXFileReference; fileEncoding = 4; lastKnownFileType = sourcecode.swift; name = HZWaterFallHorizontalLayout.swift; path = HZCollectionLayout/HZWaterFallHorizontalLayout.swift; sourceTree = "<group>"; };
		16B7D1421D20403E00CF4BC0 /* JxbNextRefreshFooter.swift */ = {isa = PBXFileReference; fileEncoding = 4; lastKnownFileType = sourcecode.swift; path = JxbNextRefreshFooter.swift; sourceTree = "<group>"; };
		16B7D1431D20403E00CF4BC0 /* JxbRefresh.bundle */ = {isa = PBXFileReference; lastKnownFileType = "wrapper.plug-in"; path = JxbRefresh.bundle; sourceTree = "<group>"; };
		16B7D1441D20403E00CF4BC0 /* JxbRefreshBaseHeader.swift */ = {isa = PBXFileReference; fileEncoding = 4; lastKnownFileType = sourcecode.swift; path = JxbRefreshBaseHeader.swift; sourceTree = "<group>"; };
		16B7D1451D20403E00CF4BC0 /* JxbRefreshGifHeader.swift */ = {isa = PBXFileReference; fileEncoding = 4; lastKnownFileType = sourcecode.swift; path = JxbRefreshGifHeader.swift; sourceTree = "<group>"; };
		16B7D1461D20403E00CF4BC0 /* JxbRefreshHeader.swift */ = {isa = PBXFileReference; fileEncoding = 4; lastKnownFileType = sourcecode.swift; path = JxbRefreshHeader.swift; sourceTree = "<group>"; };
		16B7D1471D20403E00CF4BC0 /* JxbRefreshState.swift */ = {isa = PBXFileReference; fileEncoding = 4; lastKnownFileType = sourcecode.swift; path = JxbRefreshState.swift; sourceTree = "<group>"; };
		16B7D1481D20403E00CF4BC0 /* UIScrollView+JxbRefresh.swift */ = {isa = PBXFileReference; fileEncoding = 4; lastKnownFileType = sourcecode.swift; path = "UIScrollView+JxbRefresh.swift"; sourceTree = "<group>"; };
/* End PBXFileReference section */

/* Begin PBXFrameworksBuildPhase section */
		16B7D04C1D1D80E200CF4BC0 /* Frameworks */ = {
			isa = PBXFrameworksBuildPhase;
			buildActionMask = 2147483647;
			files = (
			);
			runOnlyForDeploymentPostprocessing = 0;
		};
/* End PBXFrameworksBuildPhase section */

/* Begin PBXGroup section */
		16B7D0461D1D80E200CF4BC0 = {
			isa = PBXGroup;
			children = (
				16B7D0511D1D80E200CF4BC0 /* HZFlowCollectionlayout */,
				16B7D0501D1D80E200CF4BC0 /* Products */,
			);
			sourceTree = "<group>";
		};
		16B7D0501D1D80E200CF4BC0 /* Products */ = {
			isa = PBXGroup;
			children = (
				16B7D04F1D1D80E200CF4BC0 /* HZFlowCollectionlayout.app */,
			);
			name = Products;
			sourceTree = "<group>";
		};
		16B7D0511D1D80E200CF4BC0 /* HZFlowCollectionlayout */ = {
			isa = PBXGroup;
			children = (
				16B7D0521D1D80E200CF4BC0 /* AppDelegate.swift */,
				16B7D0541D1D80E200CF4BC0 /* ViewController.swift */,
				16B7D1411D20403E00CF4BC0 /* JxbRefresh */,
				16B7D0661D1ED36400CF4BC0 /* HZCollectionLayout */,
				16B7D0561D1D80E200CF4BC0 /* Main.storyboard */,
				16B7D0591D1D80E200CF4BC0 /* Assets.xcassets */,
				16B7D05B1D1D80E200CF4BC0 /* LaunchScreen.storyboard */,
				16B7D05E1D1D80E200CF4BC0 /* Info.plist */,
			);
			path = HZFlowCollectionlayout;
			sourceTree = "<group>";
		};
		16B7D0661D1ED36400CF4BC0 /* HZCollectionLayout */ = {
			isa = PBXGroup;
			children = (
				16B7D06B1D1FA71D00CF4BC0 /* HZClollectionLayout.swift */,
				16B7D06C1D1FA71D00CF4BC0 /* HZWaterFallCollectionLayout.swift */,
				16B7D06D1D1FA71D00CF4BC0 /* HZWaterFallHorizontalLayout.swift */,
			);
			name = HZCollectionLayout;
			sourceTree = "<group>";
		};
		16B7D1411D20403E00CF4BC0 /* JxbRefresh */ = {
			isa = PBXGroup;
			children = (
				16B7D1421D20403E00CF4BC0 /* JxbNextRefreshFooter.swift */,
				16B7D1431D20403E00CF4BC0 /* JxbRefresh.bundle */,
				16B7D1441D20403E00CF4BC0 /* JxbRefreshBaseHeader.swift */,
				16B7D1451D20403E00CF4BC0 /* JxbRefreshGifHeader.swift */,
				16B7D1461D20403E00CF4BC0 /* JxbRefreshHeader.swift */,
				16B7D1471D20403E00CF4BC0 /* JxbRefreshState.swift */,
				16B7D1481D20403E00CF4BC0 /* UIScrollView+JxbRefresh.swift */,
			);
			path = JxbRefresh;
			sourceTree = "<group>";
		};
/* End PBXGroup section */

/* Begin PBXNativeTarget section */
		16B7D04E1D1D80E200CF4BC0 /* HZFlowCollectionlayout */ = {
			isa = PBXNativeTarget;
			buildConfigurationList = 16B7D0611D1D80E200CF4BC0 /* Build configuration list for PBXNativeTarget "HZFlowCollectionlayout" */;
			buildPhases = (
				16B7D04B1D1D80E200CF4BC0 /* Sources */,
				16B7D04C1D1D80E200CF4BC0 /* Frameworks */,
				16B7D04D1D1D80E200CF4BC0 /* Resources */,
			);
			buildRules = (
			);
			dependencies = (
			);
			name = HZFlowCollectionlayout;
			productName = HZFlowCollectionlayout;
			productReference = 16B7D04F1D1D80E200CF4BC0 /* HZFlowCollectionlayout.app */;
			productType = "com.apple.product-type.application";
		};
/* End PBXNativeTarget section */

/* Begin PBXProject section */
		16B7D0471D1D80E200CF4BC0 /* Project object */ = {
			isa = PBXProject;
			attributes = {
				LastSwiftUpdateCheck = 0730;
				LastUpgradeCheck = 0730;
				ORGANIZATIONNAME = Yrl;
				TargetAttributes = {
					16B7D04E1D1D80E200CF4BC0 = {
						CreatedOnToolsVersion = 7.3.1;
					};
				};
			};
			buildConfigurationList = 16B7D04A1D1D80E200CF4BC0 /* Build configuration list for PBXProject "HZFlowCollectionlayout" */;
			compatibilityVersion = "Xcode 3.2";
			developmentRegion = English;
			hasScannedForEncodings = 0;
			knownRegions = (
				en,
				Base,
			);
			mainGroup = 16B7D0461D1D80E200CF4BC0;
			productRefGroup = 16B7D0501D1D80E200CF4BC0 /* Products */;
			projectDirPath = "";
			projectRoot = "";
			targets = (
				16B7D04E1D1D80E200CF4BC0 /* HZFlowCollectionlayout */,
			);
		};
/* End PBXProject section */

/* Begin PBXResourcesBuildPhase section */
		16B7D04D1D1D80E200CF4BC0 /* Resources */ = {
			isa = PBXResourcesBuildPhase;
			buildActionMask = 2147483647;
			files = (
				16B7D14A1D20403E00CF4BC0 /* JxbRefresh.bundle in Resources */,
				16B7D05D1D1D80E200CF4BC0 /* LaunchScreen.storyboard in Resources */,
				16B7D05A1D1D80E200CF4BC0 /* Assets.xcassets in Resources */,
				16B7D0581D1D80E200CF4BC0 /* Main.storyboard in Resources */,
			);
			runOnlyForDeploymentPostprocessing = 0;
		};
/* End PBXResourcesBuildPhase section */

/* Begin PBXSourcesBuildPhase section */
		16B7D04B1D1D80E200CF4BC0 /* Sources */ = {
			isa = PBXSourcesBuildPhase;
			buildActionMask = 2147483647;
			files = (
				16B7D14D1D20403E00CF4BC0 /* JxbRefreshHeader.swift in Sources */,
				16B7D0701D1FA71D00CF4BC0 /* HZWaterFallHorizontalLayout.swift in Sources */,
				16B7D0551D1D80E200CF4BC0 /* ViewController.swift in Sources */,
				16B7D1491D20403E00CF4BC0 /* JxbNextRefreshFooter.swift in Sources */,
				16B7D14F1D20403E00CF4BC0 /* UIScrollView+JxbRefresh.swift in Sources */,
				16B7D14E1D20403E00CF4BC0 /* JxbRefreshState.swift in Sources */,
				16B7D0531D1D80E200CF4BC0 /* AppDelegate.swift in Sources */,
				16B7D06F1D1FA71D00CF4BC0 /* HZWaterFallCollectionLayout.swift in Sources */,
				16B7D14B1D20403E00CF4BC0 /* JxbRefreshBaseHeader.swift in Sources */,
				16B7D14C1D20403E00CF4BC0 /* JxbRefreshGifHeader.swift in Sources */,
				16B7D06E1D1FA71D00CF4BC0 /* HZClollectionLayout.swift in Sources */,
			);
			runOnlyForDeploymentPostprocessing = 0;
		};
/* End PBXSourcesBuildPhase section */

/* Begin PBXVariantGroup section */
		16B7D0561D1D80E200CF4BC0 /* Main.storyboard */ = {
			isa = PBXVariantGroup;
			children = (
				16B7D0571D1D80E200CF4BC0 /* Base */,
			);
			name = Main.storyboard;
			sourceTree = "<group>";
		};
		16B7D05B1D1D80E200CF4BC0 /* LaunchScreen.storyboard */ = {
			isa = PBXVariantGroup;
			children = (
				16B7D05C1D1D80E200CF4BC0 /* Base */,
			);
			name = LaunchScreen.storyboard;
			sourceTree = "<group>";
		};
/* End PBXVariantGroup section */

/* Begin XCBuildConfiguration section */
		16B7D05F1D1D80E200CF4BC0 /* Debug */ = {
			isa = XCBuildConfiguration;
			buildSettings = {
				ALWAYS_SEARCH_USER_PATHS = NO;
				CLANG_ANALYZER_NONNULL = YES;
				CLANG_CXX_LANGUAGE_STANDARD = "gnu++0x";
				CLANG_CXX_LIBRARY = "libc++";
				CLANG_ENABLE_MODULES = YES;
				CLANG_ENABLE_OBJC_ARC = YES;
				CLANG_WARN_BOOL_CONVERSION = YES;
				CLANG_WARN_CONSTANT_CONVERSION = YES;
				CLANG_WARN_DIRECT_OBJC_ISA_USAGE = YES_ERROR;
				CLANG_WARN_EMPTY_BODY = YES;
				CLANG_WARN_ENUM_CONVERSION = YES;
				CLANG_WARN_INT_CONVERSION = YES;
				CLANG_WARN_OBJC_ROOT_CLASS = YES_ERROR;
				CLANG_WARN_UNREACHABLE_CODE = YES;
				CLANG_WARN__DUPLICATE_METHOD_MATCH = YES;
				"CODE_SIGN_IDENTITY[sdk=iphoneos*]" = "iPhone Developer";
				COPY_PHASE_STRIP = NO;
				DEBUG_INFORMATION_FORMAT = dwarf;
				ENABLE_STRICT_OBJC_MSGSEND = YES;
				ENABLE_TESTABILITY = YES;
				GCC_C_LANGUAGE_STANDARD = gnu99;
				GCC_DYNAMIC_NO_PIC = NO;
				GCC_NO_COMMON_BLOCKS = YES;
				GCC_OPTIMIZATION_LEVEL = 0;
				GCC_PREPROCESSOR_DEFINITIONS = (
					"DEBUG=1",
					"$(inherited)",
				);
				GCC_WARN_64_TO_32_BIT_CONVERSION = YES;
				GCC_WARN_ABOUT_RETURN_TYPE = YES_ERROR;
				GCC_WARN_UNDECLARED_SELECTOR = YES;
				GCC_WARN_UNINITIALIZED_AUTOS = YES_AGGRESSIVE;
				GCC_WARN_UNUSED_FUNCTION = YES;
				GCC_WARN_UNUSED_VARIABLE = YES;
				IPHONEOS_DEPLOYMENT_TARGET = 9.3;
				MTL_ENABLE_DEBUG_INFO = YES;
				ONLY_ACTIVE_ARCH = YES;
				SDKROOT = iphoneos;
				SWIFT_OPTIMIZATION_LEVEL = "-Onone";
			};
			name = Debug;
		};
		16B7D0601D1D80E200CF4BC0 /* Release */ = {
			isa = XCBuildConfiguration;
			buildSettings = {
				ALWAYS_SEARCH_USER_PATHS = NO;
				CLANG_ANALYZER_NONNULL = YES;
				CLANG_CXX_LANGUAGE_STANDARD = "gnu++0x";
				CLANG_CXX_LIBRARY = "libc++";
				CLANG_ENABLE_MODULES = YES;
				CLANG_ENABLE_OBJC_ARC = YES;
				CLANG_WARN_BOOL_CONVERSION = YES;
				CLANG_WARN_CONSTANT_CONVERSION = YES;
				CLANG_WARN_DIRECT_OBJC_ISA_USAGE = YES_ERROR;
				CLANG_WARN_EMPTY_BODY = YES;
				CLANG_WARN_ENUM_CONVERSION = YES;
				CLANG_WARN_INT_CONVERSION = YES;
				CLANG_WARN_OBJC_ROOT_CLASS = YES_ERROR;
				CLANG_WARN_UNREACHABLE_CODE = YES;
				CLANG_WARN__DUPLICATE_METHOD_MATCH = YES;
				"CODE_SIGN_IDENTITY[sdk=iphoneos*]" = "iPhone Developer";
				COPY_PHASE_STRIP = NO;
				DEBUG_INFORMATION_FORMAT = "dwarf-with-dsym";
				ENABLE_NS_ASSERTIONS = NO;
				ENABLE_STRICT_OBJC_MSGSEND = YES;
				GCC_C_LANGUAGE_STANDARD = gnu99;
				GCC_NO_COMMON_BLOCKS = YES;
				GCC_WARN_64_TO_32_BIT_CONVERSION = YES;
				GCC_WARN_ABOUT_RETURN_TYPE = YES_ERROR;
				GCC_WARN_UNDECLARED_SELECTOR = YES;
				GCC_WARN_UNINITIALIZED_AUTOS = YES_AGGRESSIVE;
				GCC_WARN_UNUSED_FUNCTION = YES;
				GCC_WARN_UNUSED_VARIABLE = YES;
				IPHONEOS_DEPLOYMENT_TARGET = 9.3;
				MTL_ENABLE_DEBUG_INFO = NO;
				SDKROOT = iphoneos;
				VALIDATE_PRODUCT = YES;
			};
			name = Release;
		};
		16B7D0621D1D80E200CF4BC0 /* Debug */ = {
			isa = XCBuildConfiguration;
			buildSettings = {
				ASSETCATALOG_COMPILER_APPICON_NAME = AppIcon;
				CLANG_ENABLE_MODULES = YES;
				INFOPLIST_FILE = HZFlowCollectionlayout/Info.plist;
				LD_RUNPATH_SEARCH_PATHS = "$(inherited) @executable_path/Frameworks";
				PRODUCT_BUNDLE_IDENTIFIER = com.ally.HZFlowCollectionlayout;
				PRODUCT_NAME = "$(TARGET_NAME)";
				SWIFT_OBJC_BRIDGING_HEADER = "";
				SWIFT_OPTIMIZATION_LEVEL = "-Onone";
			};
			name = Debug;
		};
		16B7D0631D1D80E200CF4BC0 /* Release */ = {
			isa = XCBuildConfiguration;
			buildSettings = {
				ASSETCATALOG_COMPILER_APPICON_NAME = AppIcon;
				CLANG_ENABLE_MODULES = YES;
				INFOPLIST_FILE = HZFlowCollectionlayout/Info.plist;
				LD_RUNPATH_SEARCH_PATHS = "$(inherited) @executable_path/Frameworks";
				PRODUCT_BUNDLE_IDENTIFIER = com.ally.HZFlowCollectionlayout;
				PRODUCT_NAME = "$(TARGET_NAME)";
				SWIFT_OBJC_BRIDGING_HEADER = "";
			};
			name = Release;
		};
/* End XCBuildConfiguration section */

/* Begin XCConfigurationList section */
		16B7D04A1D1D80E200CF4BC0 /* Build configuration list for PBXProject "HZFlowCollectionlayout" */ = {
			isa = XCConfigurationList;
			buildConfigurations = (
				16B7D05F1D1D80E200CF4BC0 /* Debug */,
				16B7D0601D1D80E200CF4BC0 /* Release */,
			);
			defaultConfigurationIsVisible = 0;
			defaultConfigurationName = Release;
		};
		16B7D0611D1D80E200CF4BC0 /* Build configuration list for PBXNativeTarget "HZFlowCollectionlayout" */ = {
			isa = XCConfigurationList;
			buildConfigurations = (
				16B7D0621D1D80E200CF4BC0 /* Debug */,
				16B7D0631D1D80E200CF4BC0 /* Release */,
			);
			defaultConfigurationIsVisible = 0;
			defaultConfigurationName = Release;
		};
/* End XCConfigurationList section */
	};
	rootObject = 16B7D0471D1D80E200CF4BC0 /* Project object */;
}
